
Microsoft Visual Studio Solution File, Format Version 12.00
# Visual Studio 14
VisualStudioVersion = 14.0.25420.1
MinimumVisualStudioVersion = 10.0.40219.1
Project("{FAE04EC0-301F-11D3-BF4B-00C04F79EFBC}") = "ProyectoUno", "ProyectoUno\ProyectoUno.csproj", "{20F004BB-66F1-4B33-A6A8-FDB518A78482}"
EndProject
Project("{FAE04EC0-301F-11D3-BF4B-00C04F79EFBC}") = "Libreria", "Libreria\Libreria.csproj", "{CB4BFB05-DE36-41F7-97EB-6CCB1052279C}"
EndProject
Project("{FAE04EC0-301F-11D3-BF4B-00C04F79EFBC}") = "ProyectoDos", "ProyectoDos\ProyectoDos.csproj", "{A8E9276F-8C9D-4A6C-A202-1E9CAE122A4A}"
EndProject
Global
	GlobalSection(SolutionConfigurationPlatforms) = preSolution
		Debug|Any CPU = Debug|Any CPU
		Release|Any CPU = Release|Any CPU
	EndGlobalSection
	GlobalSection(ProjectConfigurationPlatforms) = postSolution
		{20F004BB-66F1-4B33-A6A8-FDB518A78482}.Debug|Any CPU.ActiveCfg = Debug|Any CPU
		{20F004BB-66F1-4B33-A6A8-FDB518A78482}.Debug|Any CPU.Build.0 = Debug|Any CPU
		{20F004BB-66F1-4B33-A6A8-FDB518A78482}.Release|Any CPU.ActiveCfg = Release|Any CPU
		{20F004BB-66F1-4B33-A6A8-FDB518A78482}.Release|Any CPU.Build.0 = Release|Any CPU
		{CB4BFB05-DE36-41F7-97EB-6CCB1052279C}.Debug|Any CPU.ActiveCfg = Debug|Any CPU
		{CB4BFB05-DE36-41F7-97EB-6CCB1052279C}.Debug|Any CPU.Build.0 = Debug|Any CPU
		{CB4BFB05-DE36-41F7-97EB-6CCB1052279C}.Release|Any CPU.ActiveCfg = Release|Any CPU
		{CB4BFB05-DE36-41F7-97EB-6CCB1052279C}.Release|Any CPU.Build.0 = Release|Any CPU
		{A8E9276F-8C9D-4A6C-A202-1E9CAE122A4A}.Debug|Any CPU.ActiveCfg = Debug|Any CPU
		{A8E9276F-8C9D-4A6C-A202-1E9CAE122A4A}.Debug|Any CPU.Build.0 = Debug|Any CPU
		{A8E9276F-8C9D-4A6C-A202-1E9CAE122A4A}.Release|Any CPU.ActiveCfg = Release|Any CPU
		{A8E9276F-8C9D-4A6C-A202-1E9CAE122A4A}.Release|Any CPU.Build.0 = Release|Any CPU
	EndGlobalSection
	GlobalSection(SolutionProperties) = preSolution
		HideSolutionNode = FALSE
	EndGlobalSection
EndGlobal
